
Microsoft Visual Studio Solution File, Format Version 12.00
# Visual Studio Version 17
VisualStudioVersion = 17.0.31903.59
MinimumVisualStudioVersion = 10.0.40219.1
Project("{2150E333-8FDC-42A3-9474-1A3956D46DE8}") = "src", "src", "{827E0CD3-B72D-47B6-A68D-7590B98EB39B}"
EndProject
Project("{FAE04EC0-301F-11D3-BF4B-00C04F79EFBC}") = "HMS.API", "src\HMS.API\HMS.API.csproj", "{9C43545A-667A-40ED-9EC8-97FAFDD0F12C}"
EndProject
Project("{2150E333-8FDC-42A3-9474-1A3956D46DE8}") = "HMS.Shared", "HMS.Shared", "{B6B0FD88-E9C6-540A-5CC5-688A77A89A5A}"
EndProject
Project("{FAE04EC0-301F-11D3-BF4B-00C04F79EFBC}") = "HMS.Shared.Core", "src\HMS.Shared\HMS.Shared.Core\HMS.Shared.Core.csproj", "{12D32611-C955-4DDD-84A6-CE6587064031}"
EndProject
Project("{FAE04EC0-301F-11D3-BF4B-00C04F79EFBC}") = "HMS.Shared.Infrastructure", "src\HMS.Shared\HMS.Shared.Infrastructure\HMS.Shared.Infrastructure.csproj", "{89359EF3-2BDE-42DC-A9FC-7EEDC1F96F26}"
EndProject
Project("{2150E333-8FDC-42A3-9474-1A3956D46DE8}") = "Modules", "Modules", "{EC447DCF-ABFA-6E24-52A5-D7FD48A5C558}"
EndProject
Project("{FAE04EC0-301F-11D3-BF4B-00C04F79EFBC}") = "HMS.Modules.Identity", "src\Modules\HMS.Modules.Identity\HMS.Modules.Identity.csproj", "{259C650D-8E29-4914-9C67-3BE081B427B9}"
EndProject
Project("{FAE04EC0-301F-11D3-BF4B-00C04F79EFBC}") = "HMS.Modules.Warehouse", "src\Modules\HMS.Modules.Warehouse\HMS.Modules.Warehouse.csproj", "{5FA0484E-7FA6-463B-B93B-A96F0B26D2DF}"
EndProject
Project("{FAE04EC0-301F-11D3-BF4B-00C04F79EFBC}") = "HMS.Modules.Transport", "src\Modules\HMS.Modules.Transport\HMS.Modules.Transport.csproj", "{E42ECABE-AD7D-46A1-8598-68B8C98CF77C}"
EndProject
Project("{FAE04EC0-301F-11D3-BF4B-00C04F79EFBC}") = "HMS.Modules.Finance", "src\Modules\HMS.Modules.Finance\HMS.Modules.Finance.csproj", "{786056BF-A949-44F8-8A5A-62352A5B5732}"
EndProject
Project("{FAE04EC0-301F-11D3-BF4B-00C04F79EFBC}") = "HMS.Modules.Matching", "src\Modules\HMS.Modules.Matching\HMS.Modules.Matching.csproj", "{6A3B2AF9-A160-4CDF-89DF-B249E2FC2CAB}"
EndProject
Project("{FAE04EC0-301F-11D3-BF4B-00C04F79EFBC}") = "HMS.Modules.Realtime", "src\Modules\HMS.Modules.Realtime\HMS.Modules.Realtime.csproj", "{05AAA8BE-5403-4EC9-A6A2-60CF13A46D39}"
EndProject
Project("{2150E333-8FDC-42A3-9474-1A3956D46DE8}") = "tests", "tests", "{0AB3BF05-4346-4AA6-1389-037BE0695223}"
EndProject
Project("{FAE04EC0-301F-11D3-BF4B-00C04F79EFBC}") = "HMS.Modules.Identity.Tests", "tests\HMS.Modules.Identity.Tests\HMS.Modules.Identity.Tests.csproj", "{B56AE056-1C83-4D4D-B6D9-53278634760D}"
EndProject
Project("{FAE04EC0-301F-11D3-BF4B-00C04F79EFBC}") = "HMS.Modules.Matching.Tests", "tests\HMS.Modules.Matching.Tests\HMS.Modules.Matching.Tests.csproj", "{BB171B2E-4E0C-4D9B-9367-249CED2C878C}"
EndProject
Project("{FAE04EC0-301F-11D3-BF4B-00C04F79EFBC}") = "HMS.Modules.Realtime.Tests", "tests\HMS.Modules.Realtime.Test\HMS.Modules.Realtime.Tests.csproj", "{B7901BBA-5B0B-43F1-947E-1474980BFF9C}"
EndProject
Project("{FAE04EC0-301F-11D3-BF4B-00C04F79EFBC}") = "HMS.Modules.Transport.Tests", "tests\HMS.Modules.Transport.Tests\HMS.Modules.Transport.Tests.csproj", "{A8238227-F69B-48D0-8437-7AD04E71C431}"
EndProject
Project("{FAE04EC0-301F-11D3-BF4B-00C04F79EFBC}") = "HMS.Modules.Telemetry", "HMS.Modules.Telemetry\HMS.Modules.Telemetry.csproj", "{DF1D12FA-0E7D-4E01-AF9C-3F164FB55ADB}"
EndProject
Project("{FAE04EC0-301F-11D3-BF4B-00C04F79EFBC}") = "HMS.Shared.Core.Tests", "tests\HMS.Shared.Core.Tests\HMS.Shared.Core.Tests.csproj", "{6EC21E2E-714E-4F24-BDCA-7A10022D1D31}"
EndProject
Global
	GlobalSection(SolutionConfigurationPlatforms) = preSolution
		Debug|Any CPU = Debug|Any CPU
		Debug|x64 = Debug|x64
		Debug|x86 = Debug|x86
		Release|Any CPU = Release|Any CPU
		Release|x64 = Release|x64
		Release|x86 = Release|x86
	EndGlobalSection
	GlobalSection(ProjectConfigurationPlatforms) = postSolution
		{9C43545A-667A-40ED-9EC8-97FAFDD0F12C}.Debug|Any CPU.ActiveCfg = Debug|Any CPU
		{9C43545A-667A-40ED-9EC8-97FAFDD0F12C}.Debug|Any CPU.Build.0 = Debug|Any CPU
		{9C43545A-667A-40ED-9EC8-97FAFDD0F12C}.Debug|x64.ActiveCfg = Debug|Any CPU
		{9C43545A-667A-40ED-9EC8-97FAFDD0F12C}.Debug|x64.Build.0 = Debug|Any CPU
		{9C43545A-667A-40ED-9EC8-97FAFDD0F12C}.Debug|x86.ActiveCfg = Debug|Any CPU
		{9C43545A-667A-40ED-9EC8-97FAFDD0F12C}.Debug|x86.Build.0 = Debug|Any CPU
		{9C43545A-667A-40ED-9EC8-97FAFDD0F12C}.Release|Any CPU.ActiveCfg = Release|Any CPU
		{9C43545A-667A-40ED-9EC8-97FAFDD0F12C}.Release|Any CPU.Build.0 = Release|Any CPU
		{9C43545A-667A-40ED-9EC8-97FAFDD0F12C}.Release|x64.ActiveCfg = Release|Any CPU
		{9C43545A-667A-40ED-9EC8-97FAFDD0F12C}.Release|x64.Build.0 = Release|Any CPU
		{9C43545A-667A-40ED-9EC8-97FAFDD0F12C}.Release|x86.ActiveCfg = Release|Any CPU
		{9C43545A-667A-40ED-9EC8-97FAFDD0F12C}.Release|x86.Build.0 = Release|Any CPU
		{12D32611-C955-4DDD-84A6-CE6587064031}.Debug|Any CPU.ActiveCfg = Debug|Any CPU
		{12D32611-C955-4DDD-84A6-CE6587064031}.Debug|Any CPU.Build.0 = Debug|Any CPU
		{12D32611-C955-4DDD-84A6-CE6587064031}.Debug|x64.ActiveCfg = Debug|Any CPU
		{12D32611-C955-4DDD-84A6-CE6587064031}.Debug|x64.Build.0 = Debug|Any CPU
		{12D32611-C955-4DDD-84A6-CE6587064031}.Debug|x86.ActiveCfg = Debug|Any CPU
		{12D32611-C955-4DDD-84A6-CE6587064031}.Debug|x86.Build.0 = Debug|Any CPU
		{12D32611-C955-4DDD-84A6-CE6587064031}.Release|Any CPU.ActiveCfg = Release|Any CPU
		{12D32611-C955-4DDD-84A6-CE6587064031}.Release|Any CPU.Build.0 = Release|Any CPU
		{12D32611-C955-4DDD-84A6-CE6587064031}.Release|x64.ActiveCfg = Release|Any CPU
		{12D32611-C955-4DDD-84A6-CE6587064031}.Release|x64.Build.0 = Release|Any CPU
		{12D32611-C955-4DDD-84A6-CE6587064031}.Release|x86.ActiveCfg = Release|Any CPU
		{12D32611-C955-4DDD-84A6-CE6587064031}.Release|x86.Build.0 = Release|Any CPU
		{89359EF3-2BDE-42DC-A9FC-7EEDC1F96F26}.Debug|Any CPU.ActiveCfg = Debug|Any CPU
		{89359EF3-2BDE-42DC-A9FC-7EEDC1F96F26}.Debug|Any CPU.Build.0 = Debug|Any CPU
		{89359EF3-2BDE-42DC-A9FC-7EEDC1F96F26}.Debug|x64.ActiveCfg = Debug|Any CPU
		{89359EF3-2BDE-42DC-A9FC-7EEDC1F96F26}.Debug|x64.Build.0 = Debug|Any CPU
		{89359EF3-2BDE-42DC-A9FC-7EEDC1F96F26}.Debug|x86.ActiveCfg = Debug|Any CPU
		{89359EF3-2BDE-42DC-A9FC-7EEDC1F96F26}.Debug|x86.Build.0 = Debug|Any CPU
		{89359EF3-2BDE-42DC-A9FC-7EEDC1F96F26}.Release|Any CPU.ActiveCfg = Release|Any CPU
		{89359EF3-2BDE-42DC-A9FC-7EEDC1F96F26}.Release|Any CPU.Build.0 = Release|Any CPU
		{89359EF3-2BDE-42DC-A9FC-7EEDC1F96F26}.Release|x64.ActiveCfg = Release|Any CPU
		{89359EF3-2BDE-42DC-A9FC-7EEDC1F96F26}.Release|x64.Build.0 = Release|Any CPU
		{89359EF3-2BDE-42DC-A9FC-7EEDC1F96F26}.Release|x86.ActiveCfg = Release|Any CPU
		{89359EF3-2BDE-42DC-A9FC-7EEDC1F96F26}.Release|x86.Build.0 = Release|Any CPU
		{259C650D-8E29-4914-9C67-3BE081B427B9}.Debug|Any CPU.ActiveCfg = Debug|Any CPU
		{259C650D-8E29-4914-9C67-3BE081B427B9}.Debug|Any CPU.Build.0 = Debug|Any CPU
		{259C650D-8E29-4914-9C67-3BE081B427B9}.Debug|x64.ActiveCfg = Debug|Any CPU
		{259C650D-8E29-4914-9C67-3BE081B427B9}.Debug|x64.Build.0 = Debug|Any CPU
		{259C650D-8E29-4914-9C67-3BE081B427B9}.Debug|x86.ActiveCfg = Debug|Any CPU
		{259C650D-8E29-4914-9C67-3BE081B427B9}.Debug|x86.Build.0 = Debug|Any CPU
		{259C650D-8E29-4914-9C67-3BE081B427B9}.Release|Any CPU.ActiveCfg = Release|Any CPU
		{259C650D-8E29-4914-9C67-3BE081B427B9}.Release|Any CPU.Build.0 = Release|Any CPU
		{259C650D-8E29-4914-9C67-3BE081B427B9}.Release|x64.ActiveCfg = Release|Any CPU
		{259C650D-8E29-4914-9C67-3BE081B427B9}.Release|x64.Build.0 = Release|Any CPU
		{259C650D-8E29-4914-9C67-3BE081B427B9}.Release|x86.ActiveCfg = Release|Any CPU
		{259C650D-8E29-4914-9C67-3BE081B427B9}.Release|x86.Build.0 = Release|Any CPU
		{5FA0484E-7FA6-463B-B93B-A96F0B26D2DF}.Debug|Any CPU.ActiveCfg = Debug|Any CPU
		{5FA0484E-7FA6-463B-B93B-A96F0B26D2DF}.Debug|Any CPU.Build.0 = Debug|Any CPU
		{5FA0484E-7FA6-463B-B93B-A96F0B26D2DF}.Debug|x64.ActiveCfg = Debug|Any CPU
		{5FA0484E-7FA6-463B-B93B-A96F0B26D2DF}.Debug|x64.Build.0 = Debug|Any CPU
		{5FA0484E-7FA6-463B-B93B-A96F0B26D2DF}.Debug|x86.ActiveCfg = Debug|Any CPU
		{5FA0484E-7FA6-463B-B93B-A96F0B26D2DF}.Debug|x86.Build.0 = Debug|Any CPU
		{5FA0484E-7FA6-463B-B93B-A96F0B26D2DF}.Release|Any CPU.ActiveCfg = Release|Any CPU
		{5FA0484E-7FA6-463B-B93B-A96F0B26D2DF}.Release|Any CPU.Build.0 = Release|Any CPU
		{5FA0484E-7FA6-463B-B93B-A96F0B26D2DF}.Release|x64.ActiveCfg = Release|Any CPU
		{5FA0484E-7FA6-463B-B93B-A96F0B26D2DF}.Release|x64.Build.0 = Release|Any CPU
		{5FA0484E-7FA6-463B-B93B-A96F0B26D2DF}.Release|x86.ActiveCfg = Release|Any CPU
		{5FA0484E-7FA6-463B-B93B-A96F0B26D2DF}.Release|x86.Build.0 = Release|Any CPU
		{E42ECABE-AD7D-46A1-8598-68B8C98CF77C}.Debug|Any CPU.ActiveCfg = Debug|Any CPU
		{E42ECABE-AD7D-46A1-8598-68B8C98CF77C}.Debug|Any CPU.Build.0 = Debug|Any CPU
		{E42ECABE-AD7D-46A1-8598-68B8C98CF77C}.Debug|x64.ActiveCfg = Debug|Any CPU
		{E42ECABE-AD7D-46A1-8598-68B8C98CF77C}.Debug|x64.Build.0 = Debug|Any CPU
		{E42ECABE-AD7D-46A1-8598-68B8C98CF77C}.Debug|x86.ActiveCfg = Debug|Any CPU
		{E42ECABE-AD7D-46A1-8598-68B8C98CF77C}.Debug|x86.Build.0 = Debug|Any CPU
		{E42ECABE-AD7D-46A1-8598-68B8C98CF77C}.Release|Any CPU.ActiveCfg = Release|Any CPU
		{E42ECABE-AD7D-46A1-8598-68B8C98CF77C}.Release|Any CPU.Build.0 = Release|Any CPU
		{E42ECABE-AD7D-46A1-8598-68B8C98CF77C}.Release|x64.ActiveCfg = Release|Any CPU
		{E42ECABE-AD7D-46A1-8598-68B8C98CF77C}.Release|x64.Build.0 = Release|Any CPU
		{E42ECABE-AD7D-46A1-8598-68B8C98CF77C}.Release|x86.ActiveCfg = Release|Any CPU
		{E42ECABE-AD7D-46A1-8598-68B8C98CF77C}.Release|x86.Build.0 = Release|Any CPU
		{786056BF-A949-44F8-8A5A-62352A5B5732}.Debug|Any CPU.ActiveCfg = Debug|Any CPU
		{786056BF-A949-44F8-8A5A-62352A5B5732}.Debug|Any CPU.Build.0 = Debug|Any CPU
		{786056BF-A949-44F8-8A5A-62352A5B5732}.Debug|x64.ActiveCfg = Debug|Any CPU
		{786056BF-A949-44F8-8A5A-62352A5B5732}.Debug|x64.Build.0 = Debug|Any CPU
		{786056BF-A949-44F8-8A5A-62352A5B5732}.Debug|x86.ActiveCfg = Debug|Any CPU
		{786056BF-A949-44F8-8A5A-62352A5B5732}.Debug|x86.Build.0 = Debug|Any CPU
		{786056BF-A949-44F8-8A5A-62352A5B5732}.Release|Any CPU.ActiveCfg = Release|Any CPU
		{786056BF-A949-44F8-8A5A-62352A5B5732}.Release|Any CPU.Build.0 = Release|Any CPU
		{786056BF-A949-44F8-8A5A-62352A5B5732}.Release|x64.ActiveCfg = Release|Any CPU
		{786056BF-A949-44F8-8A5A-62352A5B5732}.Release|x64.Build.0 = Release|Any CPU
		{786056BF-A949-44F8-8A5A-62352A5B5732}.Release|x86.ActiveCfg = Release|Any CPU
		{786056BF-A949-44F8-8A5A-62352A5B5732}.Release|x86.Build.0 = Release|Any CPU
		{6A3B2AF9-A160-4CDF-89DF-B249E2FC2CAB}.Debug|Any CPU.ActiveCfg = Debug|Any CPU
		{6A3B2AF9-A160-4CDF-89DF-B249E2FC2CAB}.Debug|Any CPU.Build.0 = Debug|Any CPU
		{6A3B2AF9-A160-4CDF-89DF-B249E2FC2CAB}.Debug|x64.ActiveCfg = Debug|Any CPU
		{6A3B2AF9-A160-4CDF-89DF-B249E2FC2CAB}.Debug|x64.Build.0 = Debug|Any CPU
		{6A3B2AF9-A160-4CDF-89DF-B249E2FC2CAB}.Debug|x86.ActiveCfg = Debug|Any CPU
		{6A3B2AF9-A160-4CDF-89DF-B249E2FC2CAB}.Debug|x86.Build.0 = Debug|Any CPU
		{6A3B2AF9-A160-4CDF-89DF-B249E2FC2CAB}.Release|Any CPU.ActiveCfg = Release|Any CPU
		{6A3B2AF9-A160-4CDF-89DF-B249E2FC2CAB}.Release|Any CPU.Build.0 = Release|Any CPU
		{6A3B2AF9-A160-4CDF-89DF-B249E2FC2CAB}.Release|x64.ActiveCfg = Release|Any CPU
		{6A3B2AF9-A160-4CDF-89DF-B249E2FC2CAB}.Release|x64.Build.0 = Release|Any CPU
		{6A3B2AF9-A160-4CDF-89DF-B249E2FC2CAB}.Release|x86.ActiveCfg = Release|Any CPU
		{6A3B2AF9-A160-4CDF-89DF-B249E2FC2CAB}.Release|x86.Build.0 = Release|Any CPU
		{05AAA8BE-5403-4EC9-A6A2-60CF13A46D39}.Debug|Any CPU.ActiveCfg = Debug|Any CPU
		{05AAA8BE-5403-4EC9-A6A2-60CF13A46D39}.Debug|Any CPU.Build.0 = Debug|Any CPU
		{05AAA8BE-5403-4EC9-A6A2-60CF13A46D39}.Debug|x64.ActiveCfg = Debug|Any CPU
		{05AAA8BE-5403-4EC9-A6A2-60CF13A46D39}.Debug|x64.Build.0 = Debug|Any CPU
		{05AAA8BE-5403-4EC9-A6A2-60CF13A46D39}.Debug|x86.ActiveCfg = Debug|Any CPU
		{05AAA8BE-5403-4EC9-A6A2-60CF13A46D39}.Debug|x86.Build.0 = Debug|Any CPU
		{05AAA8BE-5403-4EC9-A6A2-60CF13A46D39}.Release|Any CPU.ActiveCfg = Release|Any CPU
		{05AAA8BE-5403-4EC9-A6A2-60CF13A46D39}.Release|Any CPU.Build.0 = Release|Any CPU
		{05AAA8BE-5403-4EC9-A6A2-60CF13A46D39}.Release|x64.ActiveCfg = Release|Any CPU
		{05AAA8BE-5403-4EC9-A6A2-60CF13A46D39}.Release|x64.Build.0 = Release|Any CPU
		{05AAA8BE-5403-4EC9-A6A2-60CF13A46D39}.Release|x86.ActiveCfg = Release|Any CPU
		{05AAA8BE-5403-4EC9-A6A2-60CF13A46D39}.Release|x86.Build.0 = Release|Any CPU
		{B56AE056-1C83-4D4D-B6D9-53278634760D}.Debug|Any CPU.ActiveCfg = Debug|Any CPU
		{B56AE056-1C83-4D4D-B6D9-53278634760D}.Debug|Any CPU.Build.0 = Debug|Any CPU
		{B56AE056-1C83-4D4D-B6D9-53278634760D}.Debug|x64.ActiveCfg = Debug|Any CPU
		{B56AE056-1C83-4D4D-B6D9-53278634760D}.Debug|x64.Build.0 = Debug|Any CPU
		{B56AE056-1C83-4D4D-B6D9-53278634760D}.Debug|x86.ActiveCfg = Debug|Any CPU
		{B56AE056-1C83-4D4D-B6D9-53278634760D}.Debug|x86.Build.0 = Debug|Any CPU
		{B56AE056-1C83-4D4D-B6D9-53278634760D}.Release|Any CPU.ActiveCfg = Release|Any CPU
		{B56AE056-1C83-4D4D-B6D9-53278634760D}.Release|Any CPU.Build.0 = Release|Any CPU
		{B56AE056-1C83-4D4D-B6D9-53278634760D}.Release|x64.ActiveCfg = Release|Any CPU
		{B56AE056-1C83-4D4D-B6D9-53278634760D}.Release|x64.Build.0 = Release|Any CPU
		{B56AE056-1C83-4D4D-B6D9-53278634760D}.Release|x86.ActiveCfg = Release|Any CPU
		{B56AE056-1C83-4D4D-B6D9-53278634760D}.Release|x86.Build.0 = Release|Any CPU
		{BB171B2E-4E0C-4D9B-9367-249CED2C878C}.Debug|Any CPU.ActiveCfg = Debug|Any CPU
		{BB171B2E-4E0C-4D9B-9367-249CED2C878C}.Debug|Any CPU.Build.0 = Debug|Any CPU
		{BB171B2E-4E0C-4D9B-9367-249CED2C878C}.Debug|x64.ActiveCfg = Debug|Any CPU
		{BB171B2E-4E0C-4D9B-9367-249CED2C878C}.Debug|x64.Build.0 = Debug|Any CPU
		{BB171B2E-4E0C-4D9B-9367-249CED2C878C}.Debug|x86.ActiveCfg = Debug|Any CPU
		{BB171B2E-4E0C-4D9B-9367-249CED2C878C}.Debug|x86.Build.0 = Debug|Any CPU
		{BB171B2E-4E0C-4D9B-9367-249CED2C878C}.Release|Any CPU.ActiveCfg = Release|Any CPU
		{BB171B2E-4E0C-4D9B-9367-249CED2C878C}.Release|Any CPU.Build.0 = Release|Any CPU
		{BB171B2E-4E0C-4D9B-9367-249CED2C878C}.Release|x64.ActiveCfg = Release|Any CPU
		{BB171B2E-4E0C-4D9B-9367-249CED2C878C}.Release|x64.Build.0 = Release|Any CPU
		{BB171B2E-4E0C-4D9B-9367-249CED2C878C}.Release|x86.ActiveCfg = Release|Any CPU
		{BB171B2E-4E0C-4D9B-9367-249CED2C878C}.Release|x86.Build.0 = Release|Any CPU
		{B7901BBA-5B0B-43F1-947E-1474980BFF9C}.Debug|Any CPU.ActiveCfg = Debug|Any CPU
		{B7901BBA-5B0B-43F1-947E-1474980BFF9C}.Debug|Any CPU.Build.0 = Debug|Any CPU
		{B7901BBA-5B0B-43F1-947E-1474980BFF9C}.Debug|x64.ActiveCfg = Debug|Any CPU
		{B7901BBA-5B0B-43F1-947E-1474980BFF9C}.Debug|x64.Build.0 = Debug|Any CPU
		{B7901BBA-5B0B-43F1-947E-1474980BFF9C}.Debug|x86.ActiveCfg = Debug|Any CPU
		{B7901BBA-5B0B-43F1-947E-1474980BFF9C}.Debug|x86.Build.0 = Debug|Any CPU
		{B7901BBA-5B0B-43F1-947E-1474980BFF9C}.Release|Any CPU.ActiveCfg = Release|Any CPU
		{B7901BBA-5B0B-43F1-947E-1474980BFF9C}.Release|Any CPU.Build.0 = Release|Any CPU
		{B7901BBA-5B0B-43F1-947E-1474980BFF9C}.Release|x64.ActiveCfg = Release|Any CPU
		{B7901BBA-5B0B-43F1-947E-1474980BFF9C}.Release|x64.Build.0 = Release|Any CPU
		{B7901BBA-5B0B-43F1-947E-1474980BFF9C}.Release|x86.ActiveCfg = Release|Any CPU
		{B7901BBA-5B0B-43F1-947E-1474980BFF9C}.Release|x86.Build.0 = Release|Any CPU
		{A8238227-F69B-48D0-8437-7AD04E71C431}.Debug|Any CPU.ActiveCfg = Debug|Any CPU
		{A8238227-F69B-48D0-8437-7AD04E71C431}.Debug|Any CPU.Build.0 = Debug|Any CPU
		{A8238227-F69B-48D0-8437-7AD04E71C431}.Debug|x64.ActiveCfg = Debug|Any CPU
		{A8238227-F69B-48D0-8437-7AD04E71C431}.Debug|x64.Build.0 = Debug|Any CPU
		{A8238227-F69B-48D0-8437-7AD04E71C431}.Debug|x86.ActiveCfg = Debug|Any CPU
		{A8238227-F69B-48D0-8437-7AD04E71C431}.Debug|x86.Build.0 = Debug|Any CPU
		{A8238227-F69B-48D0-8437-7AD04E71C431}.Release|Any CPU.ActiveCfg = Release|Any CPU
		{A8238227-F69B-48D0-8437-7AD04E71C431}.Release|Any CPU.Build.0 = Release|Any CPU
		{A8238227-F69B-48D0-8437-7AD04E71C431}.Release|x64.ActiveCfg = Release|Any CPU
		{A8238227-F69B-48D0-8437-7AD04E71C431}.Release|x64.Build.0 = Release|Any CPU
		{A8238227-F69B-48D0-8437-7AD04E71C431}.Release|x86.ActiveCfg = Release|Any CPU
		{A8238227-F69B-48D0-8437-7AD04E71C431}.Release|x86.Build.0 = Release|Any CPU
		{DF1D12FA-0E7D-4E01-AF9C-3F164FB55ADB}.Debug|Any CPU.ActiveCfg = Debug|Any CPU
		{DF1D12FA-0E7D-4E01-AF9C-3F164FB55ADB}.Debug|Any CPU.Build.0 = Debug|Any CPU
		{DF1D12FA-0E7D-4E01-AF9C-3F164FB55ADB}.Debug|x64.ActiveCfg = Debug|Any CPU
		{DF1D12FA-0E7D-4E01-AF9C-3F164FB55ADB}.Debug|x64.Build.0 = Debug|Any CPU
		{DF1D12FA-0E7D-4E01-AF9C-3F164FB55ADB}.Debug|x86.ActiveCfg = Debug|Any CPU
		{DF1D12FA-0E7D-4E01-AF9C-3F164FB55ADB}.Debug|x86.Build.0 = Debug|Any CPU
		{DF1D12FA-0E7D-4E01-AF9C-3F164FB55ADB}.Release|Any CPU.ActiveCfg = Release|Any CPU
		{DF1D12FA-0E7D-4E01-AF9C-3F164FB55ADB}.Release|Any CPU.Build.0 = Release|Any CPU
		{DF1D12FA-0E7D-4E01-AF9C-3F164FB55ADB}.Release|x64.ActiveCfg = Release|Any CPU
		{DF1D12FA-0E7D-4E01-AF9C-3F164FB55ADB}.Release|x64.Build.0 = Release|Any CPU
		{DF1D12FA-0E7D-4E01-AF9C-3F164FB55ADB}.Release|x86.ActiveCfg = Release|Any CPU
		{DF1D12FA-0E7D-4E01-AF9C-3F164FB55ADB}.Release|x86.Build.0 = Release|Any CPU
		{6EC21E2E-714E-4F24-BDCA-7A10022D1D31}.Debug|Any CPU.ActiveCfg = Debug|Any CPU
		{6EC21E2E-714E-4F24-BDCA-7A10022D1D31}.Debug|Any CPU.Build.0 = Debug|Any CPU
		{6EC21E2E-714E-4F24-BDCA-7A10022D1D31}.Debug|x64.ActiveCfg = Debug|Any CPU
		{6EC21E2E-714E-4F24-BDCA-7A10022D1D31}.Debug|x64.Build.0 = Debug|Any CPU
		{6EC21E2E-714E-4F24-BDCA-7A10022D1D31}.Debug|x86.ActiveCfg = Debug|Any CPU
		{6EC21E2E-714E-4F24-BDCA-7A10022D1D31}.Debug|x86.Build.0 = Debug|Any CPU
		{6EC21E2E-714E-4F24-BDCA-7A10022D1D31}.Release|Any CPU.ActiveCfg = Release|Any CPU
		{6EC21E2E-714E-4F24-BDCA-7A10022D1D31}.Release|Any CPU.Build.0 = Release|Any CPU
		{6EC21E2E-714E-4F24-BDCA-7A10022D1D31}.Release|x64.ActiveCfg = Release|Any CPU
		{6EC21E2E-714E-4F24-BDCA-7A10022D1D31}.Release|x64.Build.0 = Release|Any CPU
		{6EC21E2E-714E-4F24-BDCA-7A10022D1D31}.Release|x86.ActiveCfg = Release|Any CPU
		{6EC21E2E-714E-4F24-BDCA-7A10022D1D31}.Release|x86.Build.0 = Release|Any CPU
	EndGlobalSection
	GlobalSection(SolutionProperties) = preSolution
		HideSolutionNode = FALSE
	EndGlobalSection
	GlobalSection(NestedProjects) = preSolution
		{9C43545A-667A-40ED-9EC8-97FAFDD0F12C} = {827E0CD3-B72D-47B6-A68D-7590B98EB39B}
		{B6B0FD88-E9C6-540A-5CC5-688A77A89A5A} = {827E0CD3-B72D-47B6-A68D-7590B98EB39B}
		{12D32611-C955-4DDD-84A6-CE6587064031} = {B6B0FD88-E9C6-540A-5CC5-688A77A89A5A}
		{89359EF3-2BDE-42DC-A9FC-7EEDC1F96F26} = {B6B0FD88-E9C6-540A-5CC5-688A77A89A5A}
		{EC447DCF-ABFA-6E24-52A5-D7FD48A5C558} = {827E0CD3-B72D-47B6-A68D-7590B98EB39B}
		{259C650D-8E29-4914-9C67-3BE081B427B9} = {EC447DCF-ABFA-6E24-52A5-D7FD48A5C558}
		{5FA0484E-7FA6-463B-B93B-A96F0B26D2DF} = {EC447DCF-ABFA-6E24-52A5-D7FD48A5C558}
		{E42ECABE-AD7D-46A1-8598-68B8C98CF77C} = {EC447DCF-ABFA-6E24-52A5-D7FD48A5C558}
		{786056BF-A949-44F8-8A5A-62352A5B5732} = {EC447DCF-ABFA-6E24-52A5-D7FD48A5C558}
		{6A3B2AF9-A160-4CDF-89DF-B249E2FC2CAB} = {EC447DCF-ABFA-6E24-52A5-D7FD48A5C558}
		{05AAA8BE-5403-4EC9-A6A2-60CF13A46D39} = {EC447DCF-ABFA-6E24-52A5-D7FD48A5C558}
		{B56AE056-1C83-4D4D-B6D9-53278634760D} = {0AB3BF05-4346-4AA6-1389-037BE0695223}
		{BB171B2E-4E0C-4D9B-9367-249CED2C878C} = {0AB3BF05-4346-4AA6-1389-037BE0695223}
		{B7901BBA-5B0B-43F1-947E-1474980BFF9C} = {0AB3BF05-4346-4AA6-1389-037BE0695223}
		{A8238227-F69B-48D0-8437-7AD04E71C431} = {0AB3BF05-4346-4AA6-1389-037BE0695223}
		{DF1D12FA-0E7D-4E01-AF9C-3F164FB55ADB} = {EC447DCF-ABFA-6E24-52A5-D7FD48A5C558}
		{6EC21E2E-714E-4F24-BDCA-7A10022D1D31} = {0AB3BF05-4346-4AA6-1389-037BE0695223}
	EndGlobalSection
	GlobalSection(ExtensibilityGlobals) = postSolution
		SolutionGuid = {EC70FDA5-048C-47E7-B589-D6CA490A452B}
	EndGlobalSection
EndGlobal
